
Microsoft Visual Studio Solution File, Format Version 12.00
# Visual Studio Version 17
VisualStudioVersion = 17.0.31903.59
MinimumVisualStudioVersion = 10.0.40219.1
Project("{2150E333-8FDC-42A3-9474-1A3956D46DE8}") = "src", "src", "{827E0CD3-B72D-47B6-A68D-7590B98EB39B}"
EndProject
Project("{FAE04EC0-301F-11D3-BF4B-00C04F79EFBC}") = "TalentHub.Web.Main", "src\TalentHub.Web.Main\TalentHub.Web.Main.csproj", "{3957EA73-5826-4ADD-9779-7EBAC9A6A0B8}"
EndProject
Project("{FAE04EC0-301F-11D3-BF4B-00C04F79EFBC}") = "TalentHub.Web.API", "src\TalentHub.Web.API\TalentHub.Web.API.csproj", "{B9EB5D35-EB91-4FC8-A1D8-6301F81FE28F}"
EndProject
Project("{FAE04EC0-301F-11D3-BF4B-00C04F79EFBC}") = "TalentHub.Application", "src\TalentHub.Application\TalentHub.Application.csproj", "{E68336CA-C1D2-4D73-8CC5-EDC8C7DB76B9}"
EndProject
Project("{FAE04EC0-301F-11D3-BF4B-00C04F79EFBC}") = "TalentHub.Domain", "src\TalentHub.Domain\TalentHub.Domain.csproj", "{82ECEA2B-578E-4F83-8602-B89F5CCC42B5}"
EndProject
Project("{FAE04EC0-301F-11D3-BF4B-00C04F79EFBC}") = "TalentHub.Infrastructure", "src\TalentHub.Infrastructure\TalentHub.Infrastructure.csproj", "{C3967EDF-A6B7-48F6-A80F-B383A36B5938}"
EndProject
Project("{FAE04EC0-301F-11D3-BF4B-00C04F79EFBC}") = "TalentHub.Integration.Sql", "src\TalentHub.Integration.Sql\TalentHub.Integration.Sql.csproj", "{F2419FF5-5167-458F-9A20-FE1FB578587D}"
EndProject
Project("{FAE04EC0-301F-11D3-BF4B-00C04F79EFBC}") = "TalentHub.Integration.Communication", "src\TalentHub.Integration.Communication\TalentHub.Integration.Communication.csproj", "{6A3C3D7B-AFEC-41C5-9D98-F4D187FD9522}"
EndProject
Project("{FAE04EC0-301F-11D3-BF4B-00C04F79EFBC}") = "TalentHub.Integration.RemoteOK", "src\TalentHub.Integration.RemoteOK\TalentHub.Integration.RemoteOK.csproj", "{C7F67221-9C1D-468E-B62E-D9D90BEB3660}"
EndProject
Project("{FAE04EC0-301F-11D3-BF4B-00C04F79EFBC}") = "TalentHub.Integration.Greenhouse", "src\TalentHub.Integration.Greenhouse\TalentHub.Integration.Greenhouse.csproj", "{6EA41221-F7F2-4A1C-812A-BBFE192DDE16}"
EndProject
Project("{FAE04EC0-301F-11D3-BF4B-00C04F79EFBC}") = "TalentHub.Integration.Lever", "src\TalentHub.Integration.Lever\TalentHub.Integration.Lever.csproj", "{744C062F-40D5-4C68-9B92-6C9CE9B15602}"
EndProject
Project("{FAE04EC0-301F-11D3-BF4B-00C04F79EFBC}") = "TalentHub.Integration.OpenAI", "src\TalentHub.Integration.OpenAI\TalentHub.Integration.OpenAI.csproj", "{A7239044-D01C-4C94-BA8F-13BE487B28AA}"
EndProject
Project("{2150E333-8FDC-42A3-9474-1A3956D46DE8}") = "tests", "tests", "{0AB3BF05-4346-4AA6-1389-037BE0695223}"
EndProject
Project("{FAE04EC0-301F-11D3-BF4B-00C04F79EFBC}") = "TalentHub.Tests", "tests\TalentHub.Tests\TalentHub.Tests.csproj", "{CF9BD6AD-1C67-4725-B67D-E7787C0980D9}"
EndProject
Global
	GlobalSection(SolutionConfigurationPlatforms) = preSolution
		Debug|Any CPU = Debug|Any CPU
		Debug|x64 = Debug|x64
		Debug|x86 = Debug|x86
		Release|Any CPU = Release|Any CPU
		Release|x64 = Release|x64
		Release|x86 = Release|x86
	EndGlobalSection
	GlobalSection(ProjectConfigurationPlatforms) = postSolution
		{3957EA73-5826-4ADD-9779-7EBAC9A6A0B8}.Debug|Any CPU.ActiveCfg = Debug|Any CPU
		{3957EA73-5826-4ADD-9779-7EBAC9A6A0B8}.Debug|Any CPU.Build.0 = Debug|Any CPU
		{3957EA73-5826-4ADD-9779-7EBAC9A6A0B8}.Debug|x64.ActiveCfg = Debug|Any CPU
		{3957EA73-5826-4ADD-9779-7EBAC9A6A0B8}.Debug|x64.Build.0 = Debug|Any CPU
		{3957EA73-5826-4ADD-9779-7EBAC9A6A0B8}.Debug|x86.ActiveCfg = Debug|Any CPU
		{3957EA73-5826-4ADD-9779-7EBAC9A6A0B8}.Debug|x86.Build.0 = Debug|Any CPU
		{3957EA73-5826-4ADD-9779-7EBAC9A6A0B8}.Release|Any CPU.ActiveCfg = Release|Any CPU
		{3957EA73-5826-4ADD-9779-7EBAC9A6A0B8}.Release|Any CPU.Build.0 = Release|Any CPU
		{3957EA73-5826-4ADD-9779-7EBAC9A6A0B8}.Release|x64.ActiveCfg = Release|Any CPU
		{3957EA73-5826-4ADD-9779-7EBAC9A6A0B8}.Release|x64.Build.0 = Release|Any CPU
		{3957EA73-5826-4ADD-9779-7EBAC9A6A0B8}.Release|x86.ActiveCfg = Release|Any CPU
		{3957EA73-5826-4ADD-9779-7EBAC9A6A0B8}.Release|x86.Build.0 = Release|Any CPU
		{B9EB5D35-EB91-4FC8-A1D8-6301F81FE28F}.Debug|Any CPU.ActiveCfg = Debug|Any CPU
		{B9EB5D35-EB91-4FC8-A1D8-6301F81FE28F}.Debug|Any CPU.Build.0 = Debug|Any CPU
		{B9EB5D35-EB91-4FC8-A1D8-6301F81FE28F}.Debug|x64.ActiveCfg = Debug|Any CPU
		{B9EB5D35-EB91-4FC8-A1D8-6301F81FE28F}.Debug|x64.Build.0 = Debug|Any CPU
		{B9EB5D35-EB91-4FC8-A1D8-6301F81FE28F}.Debug|x86.ActiveCfg = Debug|Any CPU
		{B9EB5D35-EB91-4FC8-A1D8-6301F81FE28F}.Debug|x86.Build.0 = Debug|Any CPU
		{B9EB5D35-EB91-4FC8-A1D8-6301F81FE28F}.Release|Any CPU.ActiveCfg = Release|Any CPU
		{B9EB5D35-EB91-4FC8-A1D8-6301F81FE28F}.Release|Any CPU.Build.0 = Release|Any CPU
		{B9EB5D35-EB91-4FC8-A1D8-6301F81FE28F}.Release|x64.ActiveCfg = Release|Any CPU
		{B9EB5D35-EB91-4FC8-A1D8-6301F81FE28F}.Release|x64.Build.0 = Release|Any CPU
		{B9EB5D35-EB91-4FC8-A1D8-6301F81FE28F}.Release|x86.ActiveCfg = Release|Any CPU
		{B9EB5D35-EB91-4FC8-A1D8-6301F81FE28F}.Release|x86.Build.0 = Release|Any CPU
		{E68336CA-C1D2-4D73-8CC5-EDC8C7DB76B9}.Debug|Any CPU.ActiveCfg = Debug|Any CPU
		{E68336CA-C1D2-4D73-8CC5-EDC8C7DB76B9}.Debug|Any CPU.Build.0 = Debug|Any CPU
		{E68336CA-C1D2-4D73-8CC5-EDC8C7DB76B9}.Debug|x64.ActiveCfg = Debug|Any CPU
		{E68336CA-C1D2-4D73-8CC5-EDC8C7DB76B9}.Debug|x64.Build.0 = Debug|Any CPU
		{E68336CA-C1D2-4D73-8CC5-EDC8C7DB76B9}.Debug|x86.ActiveCfg = Debug|Any CPU
		{E68336CA-C1D2-4D73-8CC5-EDC8C7DB76B9}.Debug|x86.Build.0 = Debug|Any CPU
		{E68336CA-C1D2-4D73-8CC5-EDC8C7DB76B9}.Release|Any CPU.ActiveCfg = Release|Any CPU
		{E68336CA-C1D2-4D73-8CC5-EDC8C7DB76B9}.Release|Any CPU.Build.0 = Release|Any CPU
		{E68336CA-C1D2-4D73-8CC5-EDC8C7DB76B9}.Release|x64.ActiveCfg = Release|Any CPU
		{E68336CA-C1D2-4D73-8CC5-EDC8C7DB76B9}.Release|x64.Build.0 = Release|Any CPU
		{E68336CA-C1D2-4D73-8CC5-EDC8C7DB76B9}.Release|x86.ActiveCfg = Release|Any CPU
		{E68336CA-C1D2-4D73-8CC5-EDC8C7DB76B9}.Release|x86.Build.0 = Release|Any CPU
		{82ECEA2B-578E-4F83-8602-B89F5CCC42B5}.Debug|Any CPU.ActiveCfg = Debug|Any CPU
		{82ECEA2B-578E-4F83-8602-B89F5CCC42B5}.Debug|Any CPU.Build.0 = Debug|Any CPU
		{82ECEA2B-578E-4F83-8602-B89F5CCC42B5}.Debug|x64.ActiveCfg = Debug|Any CPU
		{82ECEA2B-578E-4F83-8602-B89F5CCC42B5}.Debug|x64.Build.0 = Debug|Any CPU
		{82ECEA2B-578E-4F83-8602-B89F5CCC42B5}.Debug|x86.ActiveCfg = Debug|Any CPU
		{82ECEA2B-578E-4F83-8602-B89F5CCC42B5}.Debug|x86.Build.0 = Debug|Any CPU
		{82ECEA2B-578E-4F83-8602-B89F5CCC42B5}.Release|Any CPU.ActiveCfg = Release|Any CPU
		{82ECEA2B-578E-4F83-8602-B89F5CCC42B5}.Release|Any CPU.Build.0 = Release|Any CPU
		{82ECEA2B-578E-4F83-8602-B89F5CCC42B5}.Release|x64.ActiveCfg = Release|Any CPU
		{82ECEA2B-578E-4F83-8602-B89F5CCC42B5}.Release|x64.Build.0 = Release|Any CPU
		{82ECEA2B-578E-4F83-8602-B89F5CCC42B5}.Release|x86.ActiveCfg = Release|Any CPU
		{82ECEA2B-578E-4F83-8602-B89F5CCC42B5}.Release|x86.Build.0 = Release|Any CPU
		{C3967EDF-A6B7-48F6-A80F-B383A36B5938}.Debug|Any CPU.ActiveCfg = Debug|Any CPU
		{C3967EDF-A6B7-48F6-A80F-B383A36B5938}.Debug|Any CPU.Build.0 = Debug|Any CPU
		{C3967EDF-A6B7-48F6-A80F-B383A36B5938}.Debug|x64.ActiveCfg = Debug|Any CPU
		{C3967EDF-A6B7-48F6-A80F-B383A36B5938}.Debug|x64.Build.0 = Debug|Any CPU
		{C3967EDF-A6B7-48F6-A80F-B383A36B5938}.Debug|x86.ActiveCfg = Debug|Any CPU
		{C3967EDF-A6B7-48F6-A80F-B383A36B5938}.Debug|x86.Build.0 = Debug|Any CPU
		{C3967EDF-A6B7-48F6-A80F-B383A36B5938}.Release|Any CPU.ActiveCfg = Release|Any CPU
		{C3967EDF-A6B7-48F6-A80F-B383A36B5938}.Release|Any CPU.Build.0 = Release|Any CPU
		{C3967EDF-A6B7-48F6-A80F-B383A36B5938}.Release|x64.ActiveCfg = Release|Any CPU
		{C3967EDF-A6B7-48F6-A80F-B383A36B5938}.Release|x64.Build.0 = Release|Any CPU
		{C3967EDF-A6B7-48F6-A80F-B383A36B5938}.Release|x86.ActiveCfg = Release|Any CPU
		{C3967EDF-A6B7-48F6-A80F-B383A36B5938}.Release|x86.Build.0 = Release|Any CPU
		{F2419FF5-5167-458F-9A20-FE1FB578587D}.Debug|Any CPU.ActiveCfg = Debug|Any CPU
		{F2419FF5-5167-458F-9A20-FE1FB578587D}.Debug|Any CPU.Build.0 = Debug|Any CPU
		{F2419FF5-5167-458F-9A20-FE1FB578587D}.Debug|x64.ActiveCfg = Debug|Any CPU
		{F2419FF5-5167-458F-9A20-FE1FB578587D}.Debug|x64.Build.0 = Debug|Any CPU
		{F2419FF5-5167-458F-9A20-FE1FB578587D}.Debug|x86.ActiveCfg = Debug|Any CPU
		{F2419FF5-5167-458F-9A20-FE1FB578587D}.Debug|x86.Build.0 = Debug|Any CPU
		{F2419FF5-5167-458F-9A20-FE1FB578587D}.Release|Any CPU.ActiveCfg = Release|Any CPU
		{F2419FF5-5167-458F-9A20-FE1FB578587D}.Release|Any CPU.Build.0 = Release|Any CPU
		{F2419FF5-5167-458F-9A20-FE1FB578587D}.Release|x64.ActiveCfg = Release|Any CPU
		{F2419FF5-5167-458F-9A20-FE1FB578587D}.Release|x64.Build.0 = Release|Any CPU
		{F2419FF5-5167-458F-9A20-FE1FB578587D}.Release|x86.ActiveCfg = Release|Any CPU
		{F2419FF5-5167-458F-9A20-FE1FB578587D}.Release|x86.Build.0 = Release|Any CPU
		{6A3C3D7B-AFEC-41C5-9D98-F4D187FD9522}.Debug|Any CPU.ActiveCfg = Debug|Any CPU
		{6A3C3D7B-AFEC-41C5-9D98-F4D187FD9522}.Debug|Any CPU.Build.0 = Debug|Any CPU
		{6A3C3D7B-AFEC-41C5-9D98-F4D187FD9522}.Debug|x64.ActiveCfg = Debug|Any CPU
		{6A3C3D7B-AFEC-41C5-9D98-F4D187FD9522}.Debug|x64.Build.0 = Debug|Any CPU
		{6A3C3D7B-AFEC-41C5-9D98-F4D187FD9522}.Debug|x86.ActiveCfg = Debug|Any CPU
		{6A3C3D7B-AFEC-41C5-9D98-F4D187FD9522}.Debug|x86.Build.0 = Debug|Any CPU
		{6A3C3D7B-AFEC-41C5-9D98-F4D187FD9522}.Release|Any CPU.ActiveCfg = Release|Any CPU
		{6A3C3D7B-AFEC-41C5-9D98-F4D187FD9522}.Release|Any CPU.Build.0 = Release|Any CPU
		{6A3C3D7B-AFEC-41C5-9D98-F4D187FD9522}.Release|x64.ActiveCfg = Release|Any CPU
		{6A3C3D7B-AFEC-41C5-9D98-F4D187FD9522}.Release|x64.Build.0 = Release|Any CPU
		{6A3C3D7B-AFEC-41C5-9D98-F4D187FD9522}.Release|x86.ActiveCfg = Release|Any CPU
		{6A3C3D7B-AFEC-41C5-9D98-F4D187FD9522}.Release|x86.Build.0 = Release|Any CPU
		{C7F67221-9C1D-468E-B62E-D9D90BEB3660}.Debug|Any CPU.ActiveCfg = Debug|Any CPU
		{C7F67221-9C1D-468E-B62E-D9D90BEB3660}.Debug|Any CPU.Build.0 = Debug|Any CPU
		{C7F67221-9C1D-468E-B62E-D9D90BEB3660}.Debug|x64.ActiveCfg = Debug|Any CPU
		{C7F67221-9C1D-468E-B62E-D9D90BEB3660}.Debug|x64.Build.0 = Debug|Any CPU
		{C7F67221-9C1D-468E-B62E-D9D90BEB3660}.Debug|x86.ActiveCfg = Debug|Any CPU
		{C7F67221-9C1D-468E-B62E-D9D90BEB3660}.Debug|x86.Build.0 = Debug|Any CPU
		{C7F67221-9C1D-468E-B62E-D9D90BEB3660}.Release|Any CPU.ActiveCfg = Release|Any CPU
		{C7F67221-9C1D-468E-B62E-D9D90BEB3660}.Release|Any CPU.Build.0 = Release|Any CPU
		{C7F67221-9C1D-468E-B62E-D9D90BEB3660}.Release|x64.ActiveCfg = Release|Any CPU
		{C7F67221-9C1D-468E-B62E-D9D90BEB3660}.Release|x64.Build.0 = Release|Any CPU
		{C7F67221-9C1D-468E-B62E-D9D90BEB3660}.Release|x86.ActiveCfg = Release|Any CPU
		{C7F67221-9C1D-468E-B62E-D9D90BEB3660}.Release|x86.Build.0 = Release|Any CPU
		{6EA41221-F7F2-4A1C-812A-BBFE192DDE16}.Debug|Any CPU.ActiveCfg = Debug|Any CPU
		{6EA41221-F7F2-4A1C-812A-BBFE192DDE16}.Debug|Any CPU.Build.0 = Debug|Any CPU
		{6EA41221-F7F2-4A1C-812A-BBFE192DDE16}.Debug|x64.ActiveCfg = Debug|Any CPU
		{6EA41221-F7F2-4A1C-812A-BBFE192DDE16}.Debug|x64.Build.0 = Debug|Any CPU
		{6EA41221-F7F2-4A1C-812A-BBFE192DDE16}.Debug|x86.ActiveCfg = Debug|Any CPU
		{6EA41221-F7F2-4A1C-812A-BBFE192DDE16}.Debug|x86.Build.0 = Debug|Any CPU
		{6EA41221-F7F2-4A1C-812A-BBFE192DDE16}.Release|Any CPU.ActiveCfg = Release|Any CPU
		{6EA41221-F7F2-4A1C-812A-BBFE192DDE16}.Release|Any CPU.Build.0 = Release|Any CPU
		{6EA41221-F7F2-4A1C-812A-BBFE192DDE16}.Release|x64.ActiveCfg = Release|Any CPU
		{6EA41221-F7F2-4A1C-812A-BBFE192DDE16}.Release|x64.Build.0 = Release|Any CPU
		{6EA41221-F7F2-4A1C-812A-BBFE192DDE16}.Release|x86.ActiveCfg = Release|Any CPU
		{6EA41221-F7F2-4A1C-812A-BBFE192DDE16}.Release|x86.Build.0 = Release|Any CPU
		{744C062F-40D5-4C68-9B92-6C9CE9B15602}.Debug|Any CPU.ActiveCfg = Debug|Any CPU
		{744C062F-40D5-4C68-9B92-6C9CE9B15602}.Debug|Any CPU.Build.0 = Debug|Any CPU
		{744C062F-40D5-4C68-9B92-6C9CE9B15602}.Debug|x64.ActiveCfg = Debug|Any CPU
		{744C062F-40D5-4C68-9B92-6C9CE9B15602}.Debug|x64.Build.0 = Debug|Any CPU
		{744C062F-40D5-4C68-9B92-6C9CE9B15602}.Debug|x86.ActiveCfg = Debug|Any CPU
		{744C062F-40D5-4C68-9B92-6C9CE9B15602}.Debug|x86.Build.0 = Debug|Any CPU
		{744C062F-40D5-4C68-9B92-6C9CE9B15602}.Release|Any CPU.ActiveCfg = Release|Any CPU
		{744C062F-40D5-4C68-9B92-6C9CE9B15602}.Release|Any CPU.Build.0 = Release|Any CPU
		{744C062F-40D5-4C68-9B92-6C9CE9B15602}.Release|x64.ActiveCfg = Release|Any CPU
		{744C062F-40D5-4C68-9B92-6C9CE9B15602}.Release|x64.Build.0 = Release|Any CPU
		{744C062F-40D5-4C68-9B92-6C9CE9B15602}.Release|x86.ActiveCfg = Release|Any CPU
		{744C062F-40D5-4C68-9B92-6C9CE9B15602}.Release|x86.Build.0 = Release|Any CPU
		{A7239044-D01C-4C94-BA8F-13BE487B28AA}.Debug|Any CPU.ActiveCfg = Debug|Any CPU
		{A7239044-D01C-4C94-BA8F-13BE487B28AA}.Debug|Any CPU.Build.0 = Debug|Any CPU
		{A7239044-D01C-4C94-BA8F-13BE487B28AA}.Debug|x64.ActiveCfg = Debug|Any CPU
		{A7239044-D01C-4C94-BA8F-13BE487B28AA}.Debug|x64.Build.0 = Debug|Any CPU
		{A7239044-D01C-4C94-BA8F-13BE487B28AA}.Debug|x86.ActiveCfg = Debug|Any CPU
		{A7239044-D01C-4C94-BA8F-13BE487B28AA}.Debug|x86.Build.0 = Debug|Any CPU
		{A7239044-D01C-4C94-BA8F-13BE487B28AA}.Release|Any CPU.ActiveCfg = Release|Any CPU
		{A7239044-D01C-4C94-BA8F-13BE487B28AA}.Release|Any CPU.Build.0 = Release|Any CPU
		{A7239044-D01C-4C94-BA8F-13BE487B28AA}.Release|x64.ActiveCfg = Release|Any CPU
		{A7239044-D01C-4C94-BA8F-13BE487B28AA}.Release|x64.Build.0 = Release|Any CPU
		{A7239044-D01C-4C94-BA8F-13BE487B28AA}.Release|x86.ActiveCfg = Release|Any CPU
		{A7239044-D01C-4C94-BA8F-13BE487B28AA}.Release|x86.Build.0 = Release|Any CPU
		{CF9BD6AD-1C67-4725-B67D-E7787C0980D9}.Debug|Any CPU.ActiveCfg = Debug|Any CPU
		{CF9BD6AD-1C67-4725-B67D-E7787C0980D9}.Debug|Any CPU.Build.0 = Debug|Any CPU
		{CF9BD6AD-1C67-4725-B67D-E7787C0980D9}.Debug|x64.ActiveCfg = Debug|Any CPU
		{CF9BD6AD-1C67-4725-B67D-E7787C0980D9}.Debug|x64.Build.0 = Debug|Any CPU
		{CF9BD6AD-1C67-4725-B67D-E7787C0980D9}.Debug|x86.ActiveCfg = Debug|Any CPU
		{CF9BD6AD-1C67-4725-B67D-E7787C0980D9}.Debug|x86.Build.0 = Debug|Any CPU
		{CF9BD6AD-1C67-4725-B67D-E7787C0980D9}.Release|Any CPU.ActiveCfg = Release|Any CPU
		{CF9BD6AD-1C67-4725-B67D-E7787C0980D9}.Release|Any CPU.Build.0 = Release|Any CPU
		{CF9BD6AD-1C67-4725-B67D-E7787C0980D9}.Release|x64.ActiveCfg = Release|Any CPU
		{CF9BD6AD-1C67-4725-B67D-E7787C0980D9}.Release|x64.Build.0 = Release|Any CPU
		{CF9BD6AD-1C67-4725-B67D-E7787C0980D9}.Release|x86.ActiveCfg = Release|Any CPU
		{CF9BD6AD-1C67-4725-B67D-E7787C0980D9}.Release|x86.Build.0 = Release|Any CPU
	EndGlobalSection
	GlobalSection(SolutionProperties) = preSolution
		HideSolutionNode = FALSE
	EndGlobalSection
	GlobalSection(NestedProjects) = preSolution
		{3957EA73-5826-4ADD-9779-7EBAC9A6A0B8} = {827E0CD3-B72D-47B6-A68D-7590B98EB39B}
		{B9EB5D35-EB91-4FC8-A1D8-6301F81FE28F} = {827E0CD3-B72D-47B6-A68D-7590B98EB39B}
		{E68336CA-C1D2-4D73-8CC5-EDC8C7DB76B9} = {827E0CD3-B72D-47B6-A68D-7590B98EB39B}
		{82ECEA2B-578E-4F83-8602-B89F5CCC42B5} = {827E0CD3-B72D-47B6-A68D-7590B98EB39B}
		{C3967EDF-A6B7-48F6-A80F-B383A36B5938} = {827E0CD3-B72D-47B6-A68D-7590B98EB39B}
		{F2419FF5-5167-458F-9A20-FE1FB578587D} = {827E0CD3-B72D-47B6-A68D-7590B98EB39B}
		{6A3C3D7B-AFEC-41C5-9D98-F4D187FD9522} = {827E0CD3-B72D-47B6-A68D-7590B98EB39B}
		{C7F67221-9C1D-468E-B62E-D9D90BEB3660} = {827E0CD3-B72D-47B6-A68D-7590B98EB39B}
		{6EA41221-F7F2-4A1C-812A-BBFE192DDE16} = {827E0CD3-B72D-47B6-A68D-7590B98EB39B}
		{744C062F-40D5-4C68-9B92-6C9CE9B15602} = {827E0CD3-B72D-47B6-A68D-7590B98EB39B}
		{A7239044-D01C-4C94-BA8F-13BE487B28AA} = {827E0CD3-B72D-47B6-A68D-7590B98EB39B}
		{CF9BD6AD-1C67-4725-B67D-E7787C0980D9} = {0AB3BF05-4346-4AA6-1389-037BE0695223}
	EndGlobalSection
EndGlobal
